// !$*UTF8*$!
{
	archiveVersion = 1;
	classes = {
	};
	objectVersion = 50;
	objects = {

/* Begin PBXBuildFile section */
		5C3FBECF254D331D00C517AC /* AppDelegate.swift in Sources */ = {isa = PBXBuildFile; fileRef = 5C3FBECE254D331D00C517AC /* AppDelegate.swift */; };
		5C3FBED1254D331D00C517AC /* SceneDelegate.swift in Sources */ = {isa = PBXBuildFile; fileRef = 5C3FBED0254D331D00C517AC /* SceneDelegate.swift */; };
		5C3FBED3254D331D00C517AC /* ViewController.swift in Sources */ = {isa = PBXBuildFile; fileRef = 5C3FBED2254D331D00C517AC /* ViewController.swift */; };
		5C3FBED6254D331D00C517AC /* Main.storyboard in Resources */ = {isa = PBXBuildFile; fileRef = 5C3FBED4254D331D00C517AC /* Main.storyboard */; };
		5C3FBED8254D332000C517AC /* Assets.xcassets in Resources */ = {isa = PBXBuildFile; fileRef = 5C3FBED7254D332000C517AC /* Assets.xcassets */; };
		5C3FBEDB254D332000C517AC /* LaunchScreen.storyboard in Resources */ = {isa = PBXBuildFile; fileRef = 5C3FBED9254D332000C517AC /* LaunchScreen.storyboard */; };
		5C3FBEE6254D332000C517AC /* UICollectionView001Tests.swift in Sources */ = {isa = PBXBuildFile; fileRef = 5C3FBEE5254D332000C517AC /* UICollectionView001Tests.swift */; };
		5C3FBEF1254D332000C517AC /* UICollectionView001UITests.swift in Sources */ = {isa = PBXBuildFile; fileRef = 5C3FBEF0254D332000C517AC /* UICollectionView001UITests.swift */; };
		5C3FBF09254D33CE00C517AC /* FullSizeController.swift in Sources */ = {isa = PBXBuildFile; fileRef = 5C3FBF08254D33CE00C517AC /* FullSizeController.swift */; };
		5C3FBF13254D34A500C517AC /* FullSizeCLTCell.swift in Sources */ = {isa = PBXBuildFile; fileRef = 5C3FBF12254D34A500C517AC /* FullSizeCLTCell.swift */; };
		5C3FBF1C254D58E600C517AC /* StoryboardConfig.swift in Sources */ = {isa = PBXBuildFile; fileRef = 5C3FBF1B254D58E600C517AC /* StoryboardConfig.swift */; };
		5CBAF625254D6B2F00EF155E /* Note.txt in Resources */ = {isa = PBXBuildFile; fileRef = 5CBAF624254D6B2F00EF155E /* Note.txt */; };
/* End PBXBuildFile section */

/* Begin PBXContainerItemProxy section */
		5C3FBEE2254D332000C517AC /* PBXContainerItemProxy */ = {
			isa = PBXContainerItemProxy;
			containerPortal = 5C3FBEC3254D331D00C517AC /* Project object */;
			proxyType = 1;
			remoteGlobalIDString = 5C3FBECA254D331D00C517AC;
			remoteInfo = UICollectionView001;
		};
		5C3FBEED254D332000C517AC /* PBXContainerItemProxy */ = {
			isa = PBXContainerItemProxy;
			containerPortal = 5C3FBEC3254D331D00C517AC /* Project object */;
			proxyType = 1;
			remoteGlobalIDString = 5C3FBECA254D331D00C517AC;
			remoteInfo = UICollectionView001;
		};
/* End PBXContainerItemProxy section */

/* Begin PBXFileReference section */
		5C3FBECB254D331D00C517AC /* UICollectionView001.app */ = {isa = PBXFileReference; explicitFileType = wrapper.application; includeInIndex = 0; path = UICollectionView001.app; sourceTree = BUILT_PRODUCTS_DIR; };
		5C3FBECE254D331D00C517AC /* AppDelegate.swift */ = {isa = PBXFileReference; lastKnownFileType = sourcecode.swift; path = AppDelegate.swift; sourceTree = "<group>"; };
		5C3FBED0254D331D00C517AC /* SceneDelegate.swift */ = {isa = PBXFileReference; lastKnownFileType = sourcecode.swift; path = SceneDelegate.swift; sourceTree = "<group>"; };
		5C3FBED2254D331D00C517AC /* ViewController.swift */ = {isa = PBXFileReference; lastKnownFileType = sourcecode.swift; path = ViewController.swift; sourceTree = "<group>"; };
		5C3FBED5254D331D00C517AC /* Base */ = {isa = PBXFileReference; lastKnownFileType = file.storyboard; name = Base; path = Base.lproj/Main.storyboard; sourceTree = "<group>"; };
		5C3FBED7254D332000C517AC /* Assets.xcassets */ = {isa = PBXFileReference; lastKnownFileType = folder.assetcatalog; path = Assets.xcassets; sourceTree = "<group>"; };
		5C3FBEDA254D332000C517AC /* Base */ = {isa = PBXFileReference; lastKnownFileType = file.storyboard; name = Base; path = Base.lproj/LaunchScreen.storyboard; sourceTree = "<group>"; };
		5C3FBEDC254D332000C517AC /* Info.plist */ = {isa = PBXFileReference; lastKnownFileType = text.plist.xml; path = Info.plist; sourceTree = "<group>"; };
		5C3FBEE1254D332000C517AC /* UICollectionView001Tests.xctest */ = {isa = PBXFileReference; explicitFileType = wrapper.cfbundle; includeInIndex = 0; path = UICollectionView001Tests.xctest; sourceTree = BUILT_PRODUCTS_DIR; };
		5C3FBEE5254D332000C517AC /* UICollectionView001Tests.swift */ = {isa = PBXFileReference; lastKnownFileType = sourcecode.swift; path = UICollectionView001Tests.swift; sourceTree = "<group>"; };
		5C3FBEE7254D332000C517AC /* Info.plist */ = {isa = PBXFileReference; lastKnownFileType = text.plist.xml; path = Info.plist; sourceTree = "<group>"; };
		5C3FBEEC254D332000C517AC /* UICollectionView001UITests.xctest */ = {isa = PBXFileReference; explicitFileType = wrapper.cfbundle; includeInIndex = 0; path = UICollectionView001UITests.xctest; sourceTree = BUILT_PRODUCTS_DIR; };
		5C3FBEF0254D332000C517AC /* UICollectionView001UITests.swift */ = {isa = PBXFileReference; lastKnownFileType = sourcecode.swift; path = UICollectionView001UITests.swift; sourceTree = "<group>"; };
		5C3FBEF2254D332000C517AC /* Info.plist */ = {isa = PBXFileReference; lastKnownFileType = text.plist.xml; path = Info.plist; sourceTree = "<group>"; };
		5C3FBF08254D33CE00C517AC /* FullSizeController.swift */ = {isa = PBXFileReference; lastKnownFileType = sourcecode.swift; path = FullSizeController.swift; sourceTree = "<group>"; };
		5C3FBF12254D34A500C517AC /* FullSizeCLTCell.swift */ = {isa = PBXFileReference; lastKnownFileType = sourcecode.swift; path = FullSizeCLTCell.swift; sourceTree = "<group>"; };
		5C3FBF1B254D58E600C517AC /* StoryboardConfig.swift */ = {isa = PBXFileReference; lastKnownFileType = sourcecode.swift; path = StoryboardConfig.swift; sourceTree = "<group>"; };
		5CBAF624254D6B2F00EF155E /* Note.txt */ = {isa = PBXFileReference; lastKnownFileType = text; path = Note.txt; sourceTree = "<group>"; };
/* End PBXFileReference section */

/* Begin PBXFrameworksBuildPhase section */
		5C3FBEC8254D331D00C517AC /* Frameworks */ = {
			isa = PBXFrameworksBuildPhase;
			buildActionMask = 2147483647;
			files = (
			);
			runOnlyForDeploymentPostprocessing = 0;
		};
		5C3FBEDE254D332000C517AC /* Frameworks */ = {
			isa = PBXFrameworksBuildPhase;
			buildActionMask = 2147483647;
			files = (
			);
			runOnlyForDeploymentPostprocessing = 0;
		};
		5C3FBEE9254D332000C517AC /* Frameworks */ = {
			isa = PBXFrameworksBuildPhase;
			buildActionMask = 2147483647;
			files = (
			);
			runOnlyForDeploymentPostprocessing = 0;
		};
/* End PBXFrameworksBuildPhase section */

/* Begin PBXGroup section */
		5C3FBEC2254D331D00C517AC = {
			isa = PBXGroup;
			children = (
				5C3FBECD254D331D00C517AC /* UICollectionView001 */,
				5C3FBEE4254D332000C517AC /* UICollectionView001Tests */,
				5C3FBEEF254D332000C517AC /* UICollectionView001UITests */,
				5C3FBECC254D331D00C517AC /* Products */,
			);
			sourceTree = "<group>";
		};
		5C3FBECC254D331D00C517AC /* Products */ = {
			isa = PBXGroup;
			children = (
				5C3FBECB254D331D00C517AC /* UICollectionView001.app */,
				5C3FBEE1254D332000C517AC /* UICollectionView001Tests.xctest */,
				5C3FBEEC254D332000C517AC /* UICollectionView001UITests.xctest */,
			);
			name = Products;
			sourceTree = "<group>";
		};
		5C3FBECD254D331D00C517AC /* UICollectionView001 */ = {
			isa = PBXGroup;
			children = (
				5CBAF624254D6B2F00EF155E /* Note.txt */,
				5C3FBF17254D58C700C517AC /* Config */,
				5C3FBF11254D347800C517AC /* View */,
				5C3FBECE254D331D00C517AC /* AppDelegate.swift */,
				5C3FBED0254D331D00C517AC /* SceneDelegate.swift */,
				5C3FBED2254D331D00C517AC /* ViewController.swift */,
				5C3FBED4254D331D00C517AC /* Main.storyboard */,
				5C3FBED7254D332000C517AC /* Assets.xcassets */,
				5C3FBED9254D332000C517AC /* LaunchScreen.storyboard */,
				5C3FBEDC254D332000C517AC /* Info.plist */,
			);
			path = UICollectionView001;
			sourceTree = "<group>";
		};
		5C3FBEE4254D332000C517AC /* UICollectionView001Tests */ = {
			isa = PBXGroup;
			children = (
				5C3FBEE5254D332000C517AC /* UICollectionView001Tests.swift */,
				5C3FBEE7254D332000C517AC /* Info.plist */,
			);
			path = UICollectionView001Tests;
			sourceTree = "<group>";
		};
		5C3FBEEF254D332000C517AC /* UICollectionView001UITests */ = {
			isa = PBXGroup;
			children = (
				5C3FBEF0254D332000C517AC /* UICollectionView001UITests.swift */,
				5C3FBEF2254D332000C517AC /* Info.plist */,
			);
			path = UICollectionView001UITests;
			sourceTree = "<group>";
		};
		5C3FBF04254D338B00C517AC /* Controller */ = {
			isa = PBXGroup;
			children = (
				5C3FBF08254D33CE00C517AC /* FullSizeController.swift */,
			);
			path = Controller;
			sourceTree = "<group>";
		};
		5C3FBF10254D346C00C517AC /* Cell */ = {
			isa = PBXGroup;
			children = (
				5C3FBF12254D34A500C517AC /* FullSizeCLTCell.swift */,
			);
			path = Cell;
			sourceTree = "<group>";
		};
		5C3FBF11254D347800C517AC /* View */ = {
			isa = PBXGroup;
			children = (
				5C3FBF10254D346C00C517AC /* Cell */,
				5C3FBF04254D338B00C517AC /* Controller */,
			);
			path = View;
			sourceTree = "<group>";
		};
		5C3FBF17254D58C700C517AC /* Config */ = {
			isa = PBXGroup;
			children = (
				5C3FBF1B254D58E600C517AC /* StoryboardConfig.swift */,
			);
			path = Config;
			sourceTree = "<group>";
		};
/* End PBXGroup section */

/* Begin PBXNativeTarget section */
		5C3FBECA254D331D00C517AC /* UICollectionView001 */ = {
			isa = PBXNativeTarget;
			buildConfigurationList = 5C3FBEF5254D332000C517AC /* Build configuration list for PBXNativeTarget "UICollectionView001" */;
			buildPhases = (
				5C3FBEC7254D331D00C517AC /* Sources */,
				5C3FBEC8254D331D00C517AC /* Frameworks */,
				5C3FBEC9254D331D00C517AC /* Resources */,
			);
			buildRules = (
			);
			dependencies = (
			);
			name = UICollectionView001;
			productName = UICollectionView001;
			productReference = 5C3FBECB254D331D00C517AC /* UICollectionView001.app */;
			productType = "com.apple.product-type.application";
		};
		5C3FBEE0254D332000C517AC /* UICollectionView001Tests */ = {
			isa = PBXNativeTarget;
			buildConfigurationList = 5C3FBEF8254D332000C517AC /* Build configuration list for PBXNativeTarget "UICollectionView001Tests" */;
			buildPhases = (
				5C3FBEDD254D332000C517AC /* Sources */,
				5C3FBEDE254D332000C517AC /* Frameworks */,
				5C3FBEDF254D332000C517AC /* Resources */,
			);
			buildRules = (
			);
			dependencies = (
				5C3FBEE3254D332000C517AC /* PBXTargetDependency */,
			);
			name = UICollectionView001Tests;
			productName = UICollectionView001Tests;
			productReference = 5C3FBEE1254D332000C517AC /* UICollectionView001Tests.xctest */;
			productType = "com.apple.product-type.bundle.unit-test";
		};
		5C3FBEEB254D332000C517AC /* UICollectionView001UITests */ = {
			isa = PBXNativeTarget;
			buildConfigurationList = 5C3FBEFB254D332000C517AC /* Build configuration list for PBXNativeTarget "UICollectionView001UITests" */;
			buildPhases = (
				5C3FBEE8254D332000C517AC /* Sources */,
				5C3FBEE9254D332000C517AC /* Frameworks */,
				5C3FBEEA254D332000C517AC /* Resources */,
			);
			buildRules = (
			);
			dependencies = (
				5C3FBEEE254D332000C517AC /* PBXTargetDependency */,
			);
			name = UICollectionView001UITests;
			productName = UICollectionView001UITests;
			productReference = 5C3FBEEC254D332000C517AC /* UICollectionView001UITests.xctest */;
			productType = "com.apple.product-type.bundle.ui-testing";
		};
/* End PBXNativeTarget section */

/* Begin PBXProject section */
		5C3FBEC3254D331D00C517AC /* Project object */ = {
			isa = PBXProject;
			attributes = {
				LastSwiftUpdateCheck = 1200;
				LastUpgradeCheck = 1200;
				TargetAttributes = {
					5C3FBECA254D331D00C517AC = {
						CreatedOnToolsVersion = 12.0.1;
					};
					5C3FBEE0254D332000C517AC = {
						CreatedOnToolsVersion = 12.0.1;
						TestTargetID = 5C3FBECA254D331D00C517AC;
					};
					5C3FBEEB254D332000C517AC = {
						CreatedOnToolsVersion = 12.0.1;
						TestTargetID = 5C3FBECA254D331D00C517AC;
					};
				};
			};
			buildConfigurationList = 5C3FBEC6254D331D00C517AC /* Build configuration list for PBXProject "UICollectionView001" */;
			compatibilityVersion = "Xcode 9.3";
			developmentRegion = en;
			hasScannedForEncodings = 0;
			knownRegions = (
				en,
				Base,
			);
			mainGroup = 5C3FBEC2254D331D00C517AC;
			productRefGroup = 5C3FBECC254D331D00C517AC /* Products */;
			projectDirPath = "";
			projectRoot = "";
			targets = (
				5C3FBECA254D331D00C517AC /* UICollectionView001 */,
				5C3FBEE0254D332000C517AC /* UICollectionView001Tests */,
				5C3FBEEB254D332000C517AC /* UICollectionView001UITests */,
			);
		};
/* End PBXProject section */

/* Begin PBXResourcesBuildPhase section */
		5C3FBEC9254D331D00C517AC /* Resources */ = {
			isa = PBXResourcesBuildPhase;
			buildActionMask = 2147483647;
			files = (
				5CBAF625254D6B2F00EF155E /* Note.txt in Resources */,
				5C3FBEDB254D332000C517AC /* LaunchScreen.storyboard in Resources */,
				5C3FBED8254D332000C517AC /* Assets.xcassets in Resources */,
				5C3FBED6254D331D00C517AC /* Main.storyboard in Resources */,
			);
			runOnlyForDeploymentPostprocessing = 0;
		};
		5C3FBEDF254D332000C517AC /* Resources */ = {
			isa = PBXResourcesBuildPhase;
			buildActionMask = 2147483647;
			files = (
			);
			runOnlyForDeploymentPostprocessing = 0;
		};
		5C3FBEEA254D332000C517AC /* Resources */ = {
			isa = PBXResourcesBuildPhase;
			buildActionMask = 2147483647;
			files = (
			);
			runOnlyForDeploymentPostprocessing = 0;
		};
/* End PBXResourcesBuildPhase section */

/* Begin PBXSourcesBuildPhase section */
		5C3FBEC7254D331D00C517AC /* Sources */ = {
			isa = PBXSourcesBuildPhase;
			buildActionMask = 2147483647;
			files = (
				5C3FBF1C254D58E600C517AC /* StoryboardConfig.swift in Sources */,
				5C3FBED3254D331D00C517AC /* ViewController.swift in Sources */,
				5C3FBF09254D33CE00C517AC /* FullSizeController.swift in Sources */,
				5C3FBECF254D331D00C517AC /* AppDelegate.swift in Sources */,
				5C3FBF13254D34A500C517AC /* FullSizeCLTCell.swift in Sources */,
				5C3FBED1254D331D00C517AC /* SceneDelegate.swift in Sources */,
			);
			runOnlyForDeploymentPostprocessing = 0;
		};
		5C3FBEDD254D332000C517AC /* Sources */ = {
			isa = PBXSourcesBuildPhase;
			buildActionMask = 2147483647;
			files = (
				5C3FBEE6254D332000C517AC /* UICollectionView001Tests.swift in Sources */,
			);
			runOnlyForDeploymentPostprocessing = 0;
		};
		5C3FBEE8254D332000C517AC /* Sources */ = {
			isa = PBXSourcesBuildPhase;
			buildActionMask = 2147483647;
			files = (
				5C3FBEF1254D332000C517AC /* UICollectionView001UITests.swift in Sources */,
			);
			runOnlyForDeploymentPostprocessing = 0;
		};
/* End PBXSourcesBuildPhase section */

/* Begin PBXTargetDependency section */
		5C3FBEE3254D332000C517AC /* PBXTargetDependency */ = {
			isa = PBXTargetDependency;
			target = 5C3FBECA254D331D00C517AC /* UICollectionView001 */;
			targetProxy = 5C3FBEE2254D332000C517AC /* PBXContainerItemProxy */;
		};
		5C3FBEEE254D332000C517AC /* PBXTargetDependency */ = {
			isa = PBXTargetDependency;
			target = 5C3FBECA254D331D00C517AC /* UICollectionView001 */;
			targetProxy = 5C3FBEED254D332000C517AC /* PBXContainerItemProxy */;
		};
/* End PBXTargetDependency section */

/* Begin PBXVariantGroup section */
		5C3FBED4254D331D00C517AC /* Main.storyboard */ = {
			isa = PBXVariantGroup;
			children = (
				5C3FBED5254D331D00C517AC /* Base */,
			);
			name = Main.storyboard;
			sourceTree = "<group>";
		};
		5C3FBED9254D332000C517AC /* LaunchScreen.storyboard */ = {
			isa = PBXVariantGroup;
			children = (
				5C3FBEDA254D332000C517AC /* Base */,
			);
			name = LaunchScreen.storyboard;
			sourceTree = "<group>";
		};
/* End PBXVariantGroup section */

/* Begin XCBuildConfiguration section */
		5C3FBEF3254D332000C517AC /* Debug */ = {
			isa = XCBuildConfiguration;
			buildSettings = {
				ALWAYS_SEARCH_USER_PATHS = NO;
				CLANG_ANALYZER_NONNULL = YES;
				CLANG_ANALYZER_NUMBER_OBJECT_CONVERSION = YES_AGGRESSIVE;
				CLANG_CXX_LANGUAGE_STANDARD = "gnu++14";
				CLANG_CXX_LIBRARY = "libc++";
				CLANG_ENABLE_MODULES = YES;
				CLANG_ENABLE_OBJC_ARC = YES;
				CLANG_ENABLE_OBJC_WEAK = YES;
				CLANG_WARN_BLOCK_CAPTURE_AUTORELEASING = YES;
				CLANG_WARN_BOOL_CONVERSION = YES;
				CLANG_WARN_COMMA = YES;
				CLANG_WARN_CONSTANT_CONVERSION = YES;
				CLANG_WARN_DEPRECATED_OBJC_IMPLEMENTATIONS = YES;
				CLANG_WARN_DIRECT_OBJC_ISA_USAGE = YES_ERROR;
				CLANG_WARN_DOCUMENTATION_COMMENTS = YES;
				CLANG_WARN_EMPTY_BODY = YES;
				CLANG_WARN_ENUM_CONVERSION = YES;
				CLANG_WARN_INFINITE_RECURSION = YES;
				CLANG_WARN_INT_CONVERSION = YES;
				CLANG_WARN_NON_LITERAL_NULL_CONVERSION = YES;
				CLANG_WARN_OBJC_IMPLICIT_RETAIN_SELF = YES;
				CLANG_WARN_OBJC_LITERAL_CONVERSION = YES;
				CLANG_WARN_OBJC_ROOT_CLASS = YES_ERROR;
				CLANG_WARN_QUOTED_INCLUDE_IN_FRAMEWORK_HEADER = YES;
				CLANG_WARN_RANGE_LOOP_ANALYSIS = YES;
				CLANG_WARN_STRICT_PROTOTYPES = YES;
				CLANG_WARN_SUSPICIOUS_MOVE = YES;
				CLANG_WARN_UNGUARDED_AVAILABILITY = YES_AGGRESSIVE;
				CLANG_WARN_UNREACHABLE_CODE = YES;
				CLANG_WARN__DUPLICATE_METHOD_MATCH = YES;
				COPY_PHASE_STRIP = NO;
				DEBUG_INFORMATION_FORMAT = dwarf;
				ENABLE_STRICT_OBJC_MSGSEND = YES;
				ENABLE_TESTABILITY = YES;
				GCC_C_LANGUAGE_STANDARD = gnu11;
				GCC_DYNAMIC_NO_PIC = NO;
				GCC_NO_COMMON_BLOCKS = YES;
				GCC_OPTIMIZATION_LEVEL = 0;
				GCC_PREPROCESSOR_DEFINITIONS = (
					"DEBUG=1",
					"$(inherited)",
				);
				GCC_WARN_64_TO_32_BIT_CONVERSION = YES;
				GCC_WARN_ABOUT_RETURN_TYPE = YES_ERROR;
				GCC_WARN_UNDECLARED_SELECTOR = YES;
				GCC_WARN_UNINITIALIZED_AUTOS = YES_AGGRESSIVE;
				GCC_WARN_UNUSED_FUNCTION = YES;
				GCC_WARN_UNUSED_VARIABLE = YES;
				IPHONEOS_DEPLOYMENT_TARGET = 14.0;
				MTL_ENABLE_DEBUG_INFO = INCLUDE_SOURCE;
				MTL_FAST_MATH = YES;
				ONLY_ACTIVE_ARCH = YES;
				SDKROOT = iphoneos;
				SWIFT_ACTIVE_COMPILATION_CONDITIONS = DEBUG;
				SWIFT_OPTIMIZATION_LEVEL = "-Onone";
			};
			name = Debug;
		};
		5C3FBEF4254D332000C517AC /* Release */ = {
			isa = XCBuildConfiguration;
			buildSettings = {
				ALWAYS_SEARCH_USER_PATHS = NO;
				CLANG_ANALYZER_NONNULL = YES;
				CLANG_ANALYZER_NUMBER_OBJECT_CONVERSION = YES_AGGRESSIVE;
				CLANG_CXX_LANGUAGE_STANDARD = "gnu++14";
				CLANG_CXX_LIBRARY = "libc++";
				CLANG_ENABLE_MODULES = YES;
				CLANG_ENABLE_OBJC_ARC = YES;
				CLANG_ENABLE_OBJC_WEAK = YES;
				CLANG_WARN_BLOCK_CAPTURE_AUTORELEASING = YES;
				CLANG_WARN_BOOL_CONVERSION = YES;
				CLANG_WARN_COMMA = YES;
				CLANG_WARN_CONSTANT_CONVERSION = YES;
				CLANG_WARN_DEPRECATED_OBJC_IMPLEMENTATIONS = YES;
				CLANG_WARN_DIRECT_OBJC_ISA_USAGE = YES_ERROR;
				CLANG_WARN_DOCUMENTATION_COMMENTS = YES;
				CLANG_WARN_EMPTY_BODY = YES;
				CLANG_WARN_ENUM_CONVERSION = YES;
				CLANG_WARN_INFINITE_RECURSION = YES;
				CLANG_WARN_INT_CONVERSION = YES;
				CLANG_WARN_NON_LITERAL_NULL_CONVERSION = YES;
				CLANG_WARN_OBJC_IMPLICIT_RETAIN_SELF = YES;
				CLANG_WARN_OBJC_LITERAL_CONVERSION = YES;
				CLANG_WARN_OBJC_ROOT_CLASS = YES_ERROR;
				CLANG_WARN_QUOTED_INCLUDE_IN_FRAMEWORK_HEADER = YES;
				CLANG_WARN_RANGE_LOOP_ANALYSIS = YES;
				CLANG_WARN_STRICT_PROTOTYPES = YES;
				CLANG_WARN_SUSPICIOUS_MOVE = YES;
				CLANG_WARN_UNGUARDED_AVAILABILITY = YES_AGGRESSIVE;
				CLANG_WARN_UNREACHABLE_CODE = YES;
				CLANG_WARN__DUPLICATE_METHOD_MATCH = YES;
				COPY_PHASE_STRIP = NO;
				DEBUG_INFORMATION_FORMAT = "dwarf-with-dsym";
				ENABLE_NS_ASSERTIONS = NO;
				ENABLE_STRICT_OBJC_MSGSEND = YES;
				GCC_C_LANGUAGE_STANDARD = gnu11;
				GCC_NO_COMMON_BLOCKS = YES;
				GCC_WARN_64_TO_32_BIT_CONVERSION = YES;
				GCC_WARN_ABOUT_RETURN_TYPE = YES_ERROR;
				GCC_WARN_UNDECLARED_SELECTOR = YES;
				GCC_WARN_UNINITIALIZED_AUTOS = YES_AGGRESSIVE;
				GCC_WARN_UNUSED_FUNCTION = YES;
				GCC_WARN_UNUSED_VARIABLE = YES;
				IPHONEOS_DEPLOYMENT_TARGET = 14.0;
				MTL_ENABLE_DEBUG_INFO = NO;
				MTL_FAST_MATH = YES;
				SDKROOT = iphoneos;
				SWIFT_COMPILATION_MODE = wholemodule;
				SWIFT_OPTIMIZATION_LEVEL = "-O";
				VALIDATE_PRODUCT = YES;
			};
			name = Release;
		};
		5C3FBEF6254D332000C517AC /* Debug */ = {
			isa = XCBuildConfiguration;
			buildSettings = {
				ASSETCATALOG_COMPILER_APPICON_NAME = AppIcon;
				ASSETCATALOG_COMPILER_GLOBAL_ACCENT_COLOR_NAME = AccentColor;
				CODE_SIGN_STYLE = Automatic;
				INFOPLIST_FILE = UICollectionView001/Info.plist;
				IPHONEOS_DEPLOYMENT_TARGET = 13.4;
				LD_RUNPATH_SEARCH_PATHS = (
					"$(inherited)",
					"@executable_path/Frameworks",
				);
				PRODUCT_BUNDLE_IDENTIFIER = Rocky.UICollectionView001;
				PRODUCT_NAME = "$(TARGET_NAME)";
				SWIFT_VERSION = 5.0;
				TARGETED_DEVICE_FAMILY = "1,2";
			};
			name = Debug;
		};
		5C3FBEF7254D332000C517AC /* Release */ = {
			isa = XCBuildConfiguration;
			buildSettings = {
				ASSETCATALOG_COMPILER_APPICON_NAME = AppIcon;
				ASSETCATALOG_COMPILER_GLOBAL_ACCENT_COLOR_NAME = AccentColor;
				CODE_SIGN_STYLE = Automatic;
				INFOPLIST_FILE = UICollectionView001/Info.plist;
				IPHONEOS_DEPLOYMENT_TARGET = 13.4;
				LD_RUNPATH_SEARCH_PATHS = (
					"$(inherited)",
					"@executable_path/Frameworks",
				);
				PRODUCT_BUNDLE_IDENTIFIER = Rocky.UICollectionView001;
				PRODUCT_NAME = "$(TARGET_NAME)";
				SWIFT_VERSION = 5.0;
				TARGETED_DEVICE_FAMILY = "1,2";
			};
			name = Release;
		};
		5C3FBEF9254D332000C517AC /* Debug */ = {
			isa = XCBuildConfiguration;
			buildSettings = {
				ALWAYS_EMBED_SWIFT_STANDARD_LIBRARIES = YES;
				BUNDLE_LOADER = "$(TEST_HOST)";
				CODE_SIGN_STYLE = Automatic;
				INFOPLIST_FILE = UICollectionView001Tests/Info.plist;
				IPHONEOS_DEPLOYMENT_TARGET = 14.0;
				LD_RUNPATH_SEARCH_PATHS = (
					"$(inherited)",
					"@executable_path/Frameworks",
					"@loader_path/Frameworks",
				);
				PRODUCT_BUNDLE_IDENTIFIER = Rocky.UICollectionView001Tests;
				PRODUCT_NAME = "$(TARGET_NAME)";
				SWIFT_VERSION = 5.0;
				TARGETED_DEVICE_FAMILY = "1,2";
				TEST_HOST = "$(BUILT_PRODUCTS_DIR)/UICollectionView001.app/UICollectionView001";
			};
			name = Debug;
		};
		5C3FBEFA254D332000C517AC /* Release */ = {
			isa = XCBuildConfiguration;
			buildSettings = {
				ALWAYS_EMBED_SWIFT_STANDARD_LIBRARIES = YES;
				BUNDLE_LOADER = "$(TEST_HOST)";
				CODE_SIGN_STYLE = Automatic;
				INFOPLIST_FILE = UICollectionView001Tests/Info.plist;
				IPHONEOS_DEPLOYMENT_TARGET = 14.0;
				LD_RUNPATH_SEARCH_PATHS = (
					"$(inherited)",
					"@executable_path/Frameworks",
					"@loader_path/Frameworks",
				);
				PRODUCT_BUNDLE_IDENTIFIER = Rocky.UICollectionView001Tests;
				PRODUCT_NAME = "$(TARGET_NAME)";
				SWIFT_VERSION = 5.0;
				TARGETED_DEVICE_FAMILY = "1,2";
				TEST_HOST = "$(BUILT_PRODUCTS_DIR)/UICollectionView001.app/UICollectionView001";
			};
			name = Release;
		};
		5C3FBEFC254D332000C517AC /* Debug */ = {
			isa = XCBuildConfiguration;
			buildSettings = {
				ALWAYS_EMBED_SWIFT_STANDARD_LIBRARIES = YES;
				CODE_SIGN_STYLE = Automatic;
				INFOPLIST_FILE = UICollectionView001UITests/Info.plist;
				LD_RUNPATH_SEARCH_PATHS = (
					"$(inherited)",
					"@executable_path/Frameworks",
					"@loader_path/Frameworks",
				);
				PRODUCT_BUNDLE_IDENTIFIER = Rocky.UICollectionView001UITests;
				PRODUCT_NAME = "$(TARGET_NAME)";
				SWIFT_VERSION = 5.0;
				TARGETED_DEVICE_FAMILY = "1,2";
				TEST_TARGET_NAME = UICollectionView001;
			};
			name = Debug;
		};
		5C3FBEFD254D332000C517AC /* Release */ = {
			isa = XCBuildConfiguration;
			buildSettings = {
				ALWAYS_EMBED_SWIFT_STANDARD_LIBRARIES = YES;
				CODE_SIGN_STYLE = Automatic;
				INFOPLIST_FILE = UICollectionView001UITests/Info.plist;
				LD_RUNPATH_SEARCH_PATHS = (
					"$(inherited)",
					"@executable_path/Frameworks",
					"@loader_path/Frameworks",
				);
				PRODUCT_BUNDLE_IDENTIFIER = Rocky.UICollectionView001UITests;
				PRODUCT_NAME = "$(TARGET_NAME)";
				SWIFT_VERSION = 5.0;
				TARGETED_DEVICE_FAMILY = "1,2";
				TEST_TARGET_NAME = UICollectionView001;
			};
			name = Release;
		};
/* End XCBuildConfiguration section */

/* Begin XCConfigurationList section */
		5C3FBEC6254D331D00C517AC /* Build configuration list for PBXProject "UICollectionView001" */ = {
			isa = XCConfigurationList;
			buildConfigurations = (
				5C3FBEF3254D332000C517AC /* Debug */,
				5C3FBEF4254D332000C517AC /* Release */,
			);
			defaultConfigurationIsVisible = 0;
			defaultConfigurationName = Release;
		};
		5C3FBEF5254D332000C517AC /* Build configuration list for PBXNativeTarget "UICollectionView001" */ = {
			isa = XCConfigurationList;
			buildConfigurations = (
				5C3FBEF6254D332000C517AC /* Debug */,
				5C3FBEF7254D332000C517AC /* Release */,
			);
			defaultConfigurationIsVisible = 0;
			defaultConfigurationName = Release;
		};
		5C3FBEF8254D332000C517AC /* Build configuration list for PBXNativeTarget "UICollectionView001Tests" */ = {
			isa = XCConfigurationList;
			buildConfigurations = (
				5C3FBEF9254D332000C517AC /* Debug */,
				5C3FBEFA254D332000C517AC /* Release */,
			);
			defaultConfigurationIsVisible = 0;
			defaultConfigurationName = Release;
		};
		5C3FBEFB254D332000C517AC /* Build configuration list for PBXNativeTarget "UICollectionView001UITests" */ = {
			isa = XCConfigurationList;
			buildConfigurations = (
				5C3FBEFC254D332000C517AC /* Debug */,
				5C3FBEFD254D332000C517AC /* Release */,
			);
			defaultConfigurationIsVisible = 0;
			defaultConfigurationName = Release;
		};
/* End XCConfigurationList section */
	};
	rootObject = 5C3FBEC3254D331D00C517AC /* Project object */;
}
